<?xml version="1.0" encoding="utf-8"?>
<Project ToolsVersion="4.0" xmlns="http://schemas.microsoft.com/developer/msbuild/2003">
  <ItemGroup>
    <Filter Include="소스 파일">
      <UniqueIdentifier>{4FC737F1-C7A5-4376-A066-2A32D752A2FF}</UniqueIdentifier>
      <Extensions>cpp;c;cc;cxx;c++;cppm;ixx;def;odl;idl;hpj;bat;asm;asmx</Extensions>
    </Filter>
    <Filter Include="헤더 파일">
      <UniqueIdentifier>{93995380-89BD-4b04-88EB-625FBE52EBFB}</UniqueIdentifier>
      <Extensions>h;hh;hpp;hxx;h++;hm;inl;inc;ipp;xsd</Extensions>
    </Filter>
    <Filter Include="리소스 파일">
      <UniqueIdentifier>{67DA6AB6-F800-4c08-8B7A-83BB121AAD01}</UniqueIdentifier>
      <Extensions>rc;ico;cur;bmp;dlg;rc2;rct;bin;rgs;gif;jpg;jpeg;jpe;resx;tiff;tif;png;wav;mfcribbon-ms</Extensions>
    </Filter>
    <Filter Include="01. Scene">
      <UniqueIdentifier>{534c2730-7e2e-4599-a13d-40e833294d5d}</UniqueIdentifier>
    </Filter>
    <Filter Include="04. Animation">
      <UniqueIdentifier>{b6d06499-73fa-4ebc-9cf4-63972ab78754}</UniqueIdentifier>
    </Filter>
    <Filter Include="04. Animation\Moon">
      <UniqueIdentifier>{a46b33b8-c374-4fa7-8c32-c9bc7ca3e0c8}</UniqueIdentifier>
    </Filter>
    <Filter Include="04. Animation\Aron">
      <UniqueIdentifier>{4c57015f-30f3-43e7-b0a4-22ff3d460e88}</UniqueIdentifier>
    </Filter>
    <Filter Include="04. Animation\Yunmo">
      <UniqueIdentifier>{1abfba4e-2660-4515-94b9-7df0491186f3}</UniqueIdentifier>
    </Filter>
    <Filter Include="01. Scene\dev">
      <UniqueIdentifier>{f2d8fd57-9b12-47c2-9e4c-145808404e01}</UniqueIdentifier>
    </Filter>
    <Filter Include="04. Animation\Woo">
      <UniqueIdentifier>{1d527d7f-754a-4c1b-87f3-e932cc02c663}</UniqueIdentifier>
    </Filter>
    <Filter Include="04. Animation\Woo\Engine">
      <UniqueIdentifier>{0037a777-9369-4d78-8bd3-5def44cf929f}</UniqueIdentifier>
    </Filter>
    <Filter Include="04. Animation\Woo\Boss">
      <UniqueIdentifier>{e064df0d-644b-42cb-b1d8-b512e26fc5e0}</UniqueIdentifier>
    </Filter>
    <Filter Include="04. Animation\Woo\Hon">
      <UniqueIdentifier>{693e3ddd-9b51-4ea7-940f-31c4d0420200}</UniqueIdentifier>
    </Filter>
    <Filter Include="02. GameObject">
      <UniqueIdentifier>{9466f6d8-8e34-462b-b7f1-db7677137ade}</UniqueIdentifier>
    </Filter>
    <Filter Include="02. GameObject\Moon">
      <UniqueIdentifier>{4c84aeb4-2d78-4db8-823c-e940b333b55e}</UniqueIdentifier>
    </Filter>
    <Filter Include="02. GameObject\Moon\[ Player ]">
      <UniqueIdentifier>{cef8e2b4-21c4-4d99-9db3-ce519aef5fdb}</UniqueIdentifier>
    </Filter>
    <Filter Include="02. GameObject\Moon\[ Map ]">
      <UniqueIdentifier>{f5461a52-89aa-475a-aeb0-a9dacc23dfe9}</UniqueIdentifier>
    </Filter>
    <Filter Include="02. GameObject\Aron">
      <UniqueIdentifier>{7d588b68-3f97-4dc5-a54f-16bcc1d8ae16}</UniqueIdentifier>
    </Filter>
    <Filter Include="02. GameObject\Yunmo">
      <UniqueIdentifier>{67969977-f719-431d-85ba-13d22e3e1ab6}</UniqueIdentifier>
    </Filter>
    <Filter Include="02. GameObject\Yunmo\MenuScene">
      <UniqueIdentifier>{982eba26-d115-45ce-be03-f9fa616cef1b}</UniqueIdentifier>
    </Filter>
    <Filter Include="02. GameObject\Yunmo\PlayScene">
      <UniqueIdentifier>{5327304b-041b-46d6-be13-ddadd1a0a286}</UniqueIdentifier>
    </Filter>
    <Filter Include="02. GameObject\Yunmo\PlayScene\SkillTree">
      <UniqueIdentifier>{e138bda3-0887-4d92-8056-597fe60e114b}</UniqueIdentifier>
    </Filter>
    <Filter Include="02. GameObject\Yunmo\EndScene">
      <UniqueIdentifier>{2bc3a9ae-35f5-4a9f-bd63-56329810aebb}</UniqueIdentifier>
    </Filter>
    <Filter Include="02. GameObject\Woo">
      <UniqueIdentifier>{f5c9fad5-e8a2-491c-ae87-f79859e548e5}</UniqueIdentifier>
    </Filter>
    <Filter Include="02. GameObject\Woo\Engine">
      <UniqueIdentifier>{31deada1-972b-493e-b7d1-6a72473bbac6}</UniqueIdentifier>
    </Filter>
    <Filter Include="02. GameObject\Woo\Boss">
      <UniqueIdentifier>{4131514f-1122-4921-850d-ac5b29d9c3f1}</UniqueIdentifier>
    </Filter>
    <Filter Include="02. GameObject\Woo\Hon">
      <UniqueIdentifier>{63c9923e-a4a1-4f69-9f90-2745e577b26e}</UniqueIdentifier>
    </Filter>
    <Filter Include="03. Script">
      <UniqueIdentifier>{dbe23b2c-6961-46ec-8a5f-5a49aa048f41}</UniqueIdentifier>
    </Filter>
    <Filter Include="03. Script\Moon">
      <UniqueIdentifier>{5d07aaad-b927-4650-87bb-5433b633e6ca}</UniqueIdentifier>
    </Filter>
    <Filter Include="03. Script\Moon\[ Player FSM ]">
      <UniqueIdentifier>{2dd04ec2-8c4a-4241-b034-b7d525afe983}</UniqueIdentifier>
    </Filter>
    <Filter Include="03. Script\Moon\[ Player FSM ]\[ Action FSM ]">
      <UniqueIdentifier>{ef804ada-e0f0-4224-9024-1f729f003992}</UniqueIdentifier>
    </Filter>
    <Filter Include="03. Script\Moon\[ Player FSM ]\[ Movement FSM ]">
      <UniqueIdentifier>{ee89547e-9094-4687-879e-a2f8f1b4e3cf}</UniqueIdentifier>
    </Filter>
    <Filter Include="03. Script\Aron">
      <UniqueIdentifier>{95c595d9-cec9-46d6-8bed-f8501af70694}</UniqueIdentifier>
    </Filter>
    <Filter Include="03. Script\Yunmo">
      <UniqueIdentifier>{b8f007d0-b2ae-4287-b390-a36c624c8931}</UniqueIdentifier>
    </Filter>
    <Filter Include="03. Script\Yunmo\MenuScene">
      <UniqueIdentifier>{b2a0f5f9-ea0c-4cdd-bd9a-633757aef09a}</UniqueIdentifier>
    </Filter>
    <Filter Include="03. Script\Yunmo\PlayScene">
      <UniqueIdentifier>{cc7bd0ce-6003-4d64-9440-fcb7ab71c8b2}</UniqueIdentifier>
    </Filter>
    <Filter Include="03. Script\Yunmo\EndScene">
      <UniqueIdentifier>{45f2882f-cce4-4136-b081-d43f74bb9d4f}</UniqueIdentifier>
    </Filter>
    <Filter Include="03. Script\Woo">
      <UniqueIdentifier>{27929c44-b71f-488d-a900-2069ba41d356}</UniqueIdentifier>
    </Filter>
    <Filter Include="03. Script\Woo\Engine">
      <UniqueIdentifier>{827e73eb-1813-4679-b028-9e97dddd12ac}</UniqueIdentifier>
    </Filter>
    <Filter Include="03. Script\Woo\Boss">
      <UniqueIdentifier>{16f70a9d-504d-45eb-8494-44addd373845}</UniqueIdentifier>
    </Filter>
    <Filter Include="03. Script\Woo\Hon">
      <UniqueIdentifier>{3527d1a8-ef88-40d9-b309-46214eebf1cc}</UniqueIdentifier>
    </Filter>
    <Filter Include="03. Script\Aron\Old">
      <UniqueIdentifier>{c8693c16-ec7f-48a8-ae24-248fd3344bc2}</UniqueIdentifier>
    </Filter>
    <Filter Include="03. Script\Woo\Hon\Base">
      <UniqueIdentifier>{f5c36a9e-6bcb-4980-830d-63a1a0e57a92}</UniqueIdentifier>
    </Filter>
    <Filter Include="02. GameObject\Woo\Effect">
      <UniqueIdentifier>{42d58567-ae1b-4eff-beae-e4e8169dc11d}</UniqueIdentifier>
    </Filter>
    <Filter Include="02. GameObject\Woo\Map">
      <UniqueIdentifier>{04929b3a-ae3a-4490-8803-3eae7c1132fe}</UniqueIdentifier>
    </Filter>
    <Filter Include="02. GameObject\Woo\Camera">
      <UniqueIdentifier>{f947f7f8-0dd4-492d-9a6e-b8a811520c28}</UniqueIdentifier>
    </Filter>
    <Filter Include="02. GameObject\Woo\Fade">
      <UniqueIdentifier>{d9e7d5c3-8a27-4997-8a48-2ab5a48e9669}</UniqueIdentifier>
    </Filter>
    <Filter Include="04. Animation\Woo\Effect">
      <UniqueIdentifier>{10607e7d-7521-403e-b01a-e1b63ea8a709}</UniqueIdentifier>
    </Filter>
    <Filter Include="04. Animation\Woo\NPC">
      <UniqueIdentifier>{e25de88d-62c7-4a92-b99a-f84a503ad8d6}</UniqueIdentifier>
    </Filter>
    <Filter Include="03. Script\Woo\Fade">
      <UniqueIdentifier>{d21fc19f-8ad2-4326-9fd0-42eb6694ba68}</UniqueIdentifier>
    </Filter>
    <Filter Include="03. Script\Woo\Camera">
      <UniqueIdentifier>{a96ac7dc-f0a2-410b-b822-03218a1e3059}</UniqueIdentifier>
    </Filter>
    <Filter Include="03. Script\Woo\Map">
      <UniqueIdentifier>{80b610dc-c966-4657-8f84-3f48c067ae3a}</UniqueIdentifier>
    </Filter>
    <Filter Include="03. Script\Woo\Typer">
      <UniqueIdentifier>{8897345e-a18e-41df-990b-7db931b556b0}</UniqueIdentifier>
    </Filter>
  </ItemGroup>
  <ItemGroup>
    <ClCompile Include="EclipseApp.cpp">
      <Filter>소스 파일</Filter>
    </ClCompile>
    <ClCompile Include="Aron_Scene.cpp">
      <Filter>01. Scene\dev</Filter>
    </ClCompile>
    <ClCompile Include="Moon_Scene.cpp">
      <Filter>01. Scene\dev</Filter>
    </ClCompile>
    <ClCompile Include="Woo_Scene.cpp">
      <Filter>01. Scene\dev</Filter>
    </ClCompile>
    <ClCompile Include="Yunmo_Scene.cpp">
      <Filter>01. Scene\dev</Filter>
    </ClCompile>
    <ClCompile Include="MenuScene.cpp">
      <Filter>01. Scene</Filter>
    </ClCompile>
    <ClCompile Include="PlayScene.cpp">
      <Filter>01. Scene</Filter>
    </ClCompile>
    <ClCompile Include="PlayerFSM.cpp">
      <Filter>03. Script\Moon\[ Player FSM ]</Filter>
    </ClCompile>
    <ClCompile Include="Walk_State.cpp">
      <Filter>03. Script\Moon\[ Player FSM ]\[ Movement FSM ]</Filter>
    </ClCompile>
    <ClCompile Include="Idle_State.cpp">
      <Filter>03. Script\Moon\[ Player FSM ]\[ Movement FSM ]</Filter>
    </ClCompile>
    <ClCompile Include="Jump_State.cpp">
      <Filter>03. Script\Moon\[ Player FSM ]\[ Movement FSM ]</Filter>
    </ClCompile>
    <ClCompile Include="Jump_Wall_State.cpp">
      <Filter>03. Script\Moon\[ Player FSM ]\[ Movement FSM ]</Filter>
    </ClCompile>
    <ClCompile Include="TitleUI.cpp">
      <Filter>02. GameObject\Yunmo\MenuScene</Filter>
    </ClCompile>
    <ClCompile Include="PlayUI.cpp">
      <Filter>02. GameObject\Yunmo\PlayScene</Filter>
    </ClCompile>
    <ClCompile Include="NPC.cpp">
      <Filter>02. GameObject\Yunmo\PlayScene</Filter>
    </ClCompile>
    <ClCompile Include="Player_Test.cpp">
      <Filter>02. GameObject\Yunmo\PlayScene</Filter>
    </ClCompile>
    <ClCompile Include="Player_Woo.cpp">
      <Filter>02. GameObject\Woo\Engine</Filter>
    </ClCompile>
    <ClCompile Include="PlayerController_Woo.cpp">
      <Filter>03. Script\Woo\Engine</Filter>
    </ClCompile>
    <ClCompile Include="Honmun.cpp">
      <Filter>02. GameObject\Aron</Filter>
    </ClCompile>
    <ClCompile Include="HonmunCollisionScript.cpp">
      <Filter>03. Script\Aron</Filter>
    </ClCompile>
    <ClCompile Include="Bullet.cpp">
      <Filter>02. GameObject\Woo\Boss</Filter>
    </ClCompile>
    <ClCompile Include="Boss.cpp">
      <Filter>02. GameObject\Woo\Boss</Filter>
    </ClCompile>
    <ClCompile Include="BulletController.cpp">
      <Filter>03. Script\Woo\Boss</Filter>
    </ClCompile>
    <ClCompile Include="BossController.cpp">
      <Filter>03. Script\Woo\Boss</Filter>
    </ClCompile>
    <ClCompile Include="SkillWindowButton.cpp">
      <Filter>02. GameObject\Yunmo\PlayScene</Filter>
    </ClCompile>
    <ClCompile Include="Attack_State.cpp">
      <Filter>03. Script\Moon\[ Player FSM ]\[ Movement FSM ]</Filter>
    </ClCompile>
    <ClCompile Include="BulletTime_State.cpp">
      <Filter>03. Script\Moon\[ Player FSM ]\[ Movement FSM ]</Filter>
    </ClCompile>
    <ClCompile Include="Fall_State.cpp">
      <Filter>03. Script\Moon\[ Player FSM ]\[ Movement FSM ]</Filter>
    </ClCompile>
    <ClCompile Include="Hanging_State.cpp">
      <Filter>03. Script\Moon\[ Player FSM ]\[ Movement FSM ]</Filter>
    </ClCompile>
    <ClCompile Include="Dash_State.cpp">
      <Filter>03. Script\Moon\[ Player FSM ]\[ Movement FSM ]</Filter>
    </ClCompile>
    <ClCompile Include="Main.cpp">
      <Filter>소스 파일</Filter>
    </ClCompile>
    <ClCompile Include="Options.cpp">
      <Filter>02. GameObject\Yunmo\PlayScene</Filter>
    </ClCompile>
    <ClCompile Include="Chat.cpp">
      <Filter>03. Script\Yunmo\PlayScene</Filter>
    </ClCompile>
    <ClCompile Include="Quest.cpp">
      <Filter>03. Script\Yunmo\PlayScene</Filter>
    </ClCompile>
    <ClCompile Include="PlayerMove.cpp">
      <Filter>03. Script\Yunmo\PlayScene</Filter>
    </ClCompile>
    <ClCompile Include="NPCInteraction.cpp">
      <Filter>03. Script\Yunmo\PlayScene</Filter>
    </ClCompile>
    <ClCompile Include="GameManager.cpp">
      <Filter>02. GameObject\Yunmo\PlayScene</Filter>
    </ClCompile>
    <ClCompile Include="WaveSystem.cpp">
      <Filter>03. Script\Aron</Filter>
    </ClCompile>
    <ClCompile Include="HonA.cpp">
      <Filter>02. GameObject\Woo\Hon</Filter>
    </ClCompile>
    <ClCompile Include="HonB.cpp">
      <Filter>02. GameObject\Woo\Hon</Filter>
    </ClCompile>
    <ClCompile Include="HonC.cpp">
      <Filter>02. GameObject\Woo\Hon</Filter>
    </ClCompile>
    <ClCompile Include="HonD.cpp">
      <Filter>02. GameObject\Woo\Hon</Filter>
    </ClCompile>
    <ClCompile Include="HonAController.cpp">
      <Filter>03. Script\Woo\Hon</Filter>
    </ClCompile>
    <ClCompile Include="HonBController.cpp">
      <Filter>03. Script\Woo\Hon</Filter>
    </ClCompile>
    <ClCompile Include="HonDController.cpp">
      <Filter>03. Script\Woo\Hon</Filter>
    </ClCompile>
    <ClCompile Include="HonCController.cpp">
      <Filter>03. Script\Woo\Hon</Filter>
    </ClCompile>
    <ClCompile Include="Map_Woo.cpp">
      <Filter>02. GameObject\Woo\Engine</Filter>
    </ClCompile>
    <ClCompile Include="PlayerAreaController.cpp">
      <Filter>04. Animation\Moon</Filter>
    </ClCompile>
    <ClCompile Include="PlayerAnimationData.cpp">
      <Filter>04. Animation\Moon</Filter>
    </ClCompile>
    <ClCompile Include="HonmunAFSM.cpp">
      <Filter>03. Script\Aron\Old</Filter>
    </ClCompile>
    <ClCompile Include="HonmunBFSM.cpp">
      <Filter>03. Script\Aron\Old</Filter>
    </ClCompile>
    <ClCompile Include="HonmunCFSM.cpp">
      <Filter>03. Script\Aron\Old</Filter>
    </ClCompile>
    <ClCompile Include="HonController.cpp">
      <Filter>03. Script\Woo\Hon\Base</Filter>
    </ClCompile>
    <ClCompile Include="AmbientSoundManager.cpp">
      <Filter>헤더 파일</Filter>
    </ClCompile>
    <ClCompile Include="BossHP.cpp">
      <Filter>헤더 파일</Filter>
    </ClCompile>
    <ClCompile Include="PauseWindow.cpp">
      <Filter>헤더 파일</Filter>
    </ClCompile>
    <ClCompile Include="Platform.cpp">
      <Filter>헤더 파일</Filter>
    </ClCompile>
    <ClCompile Include="ToolTip.cpp">
      <Filter>헤더 파일</Filter>
    </ClCompile>
    <ClCompile Include="EndScene.cpp">
      <Filter>01. Scene\dev</Filter>
    </ClCompile>
    <ClCompile Include="Credit.cpp">
      <Filter>소스 파일</Filter>
    </ClCompile>
    <ClCompile Include="LineClip.cpp">
      <Filter>소스 파일</Filter>
    </ClCompile>
    <ClCompile Include="BossFace.cpp">
      <Filter>02. GameObject\Woo\Boss</Filter>
    </ClCompile>
    <ClCompile Include="BossHitEffect.cpp">
      <Filter>02. GameObject\Woo\Effect</Filter>
    </ClCompile>
    <ClCompile Include="FadeObject.cpp">
      <Filter>02. GameObject\Woo\Fade</Filter>
    </ClCompile>
    <ClCompile Include="InGameCamera.cpp">
      <Filter>02. GameObject\Woo\Camera</Filter>
    </ClCompile>
    <ClCompile Include="MapBackGround.cpp">
      <Filter>02. GameObject\Woo\Map</Filter>
    </ClCompile>
    <ClCompile Include="MoonLight.cpp">
      <Filter>02. GameObject\Woo\Map</Filter>
    </ClCompile>
    <ClCompile Include="MoonShadow.cpp">
      <Filter>02. GameObject\Woo\Map</Filter>
    </ClCompile>
    <ClCompile Include="BossAnimatorController.cpp">
      <Filter>04. Animation\Woo\Boss</Filter>
    </ClCompile>
    <ClCompile Include="BCAnimatorController.cpp">
      <Filter>04. Animation\Woo\Effect</Filter>
    </ClCompile>
    <ClCompile Include="HCAnimatorController.cpp">
      <Filter>04. Animation\Woo\Effect</Filter>
    </ClCompile>
    <ClCompile Include="NpcAnimatorController.cpp">
      <Filter>04. Animation\Woo\NPC</Filter>
    </ClCompile>
    <ClCompile Include="HonCollisionEffect.cpp">
      <Filter>02. GameObject\Woo\Effect</Filter>
    </ClCompile>
    <ClCompile Include="MoonLightController.cpp">
      <Filter>03. Script\Woo\Map</Filter>
    </ClCompile>
    <ClCompile Include="MoonShadowController.cpp">
      <Filter>03. Script\Woo\Map</Filter>
    </ClCompile>
    <ClCompile Include="ParallaxLayer.cpp">
      <Filter>03. Script\Woo\Map</Filter>
    </ClCompile>
    <ClCompile Include="FadeManager.cpp">
      <Filter>03. Script\Woo\Fade</Filter>
    </ClCompile>
    <ClCompile Include="CameraController.cpp">
      <Filter>03. Script\Woo\Camera</Filter>
    </ClCompile>
    <ClCompile Include="Typer.cpp">
      <Filter>03. Script\Woo\Typer</Filter>
    </ClCompile>
    <ClCompile Include="PerformanceChecker.cpp">
      <Filter>소스 파일</Filter>
    </ClCompile>
  </ItemGroup>
  <ItemGroup>
    <ClInclude Include="EclipseApp.h">
      <Filter>헤더 파일</Filter>
    </ClInclude>
    <ClInclude Include="Aron_Scene.h">
      <Filter>01. Scene\dev</Filter>
    </ClInclude>
    <ClInclude Include="Moon_Scene.h">
      <Filter>01. Scene\dev</Filter>
    </ClInclude>
    <ClInclude Include="Woo_Scene.h">
      <Filter>01. Scene\dev</Filter>
    </ClInclude>
    <ClInclude Include="Yunmo_Scene.h">
      <Filter>01. Scene\dev</Filter>
    </ClInclude>
    <ClInclude Include="MenuScene.h">
      <Filter>01. Scene</Filter>
    </ClInclude>
    <ClInclude Include="PlayScene.h">
      <Filter>01. Scene</Filter>
    </ClInclude>
    <ClInclude Include="EndScene.h">
      <Filter>01. Scene</Filter>
    </ClInclude>
    <ClInclude Include="Idle_State.h">
      <Filter>03. Script\Moon\[ Player FSM ]\[ Movement FSM ]</Filter>
    </ClInclude>
    <ClInclude Include="Jump_State.h">
      <Filter>03. Script\Moon\[ Player FSM ]\[ Movement FSM ]</Filter>
    </ClInclude>
    <ClInclude Include="Jump_Wall_State.h">
      <Filter>03. Script\Moon\[ Player FSM ]\[ Movement FSM ]</Filter>
    </ClInclude>
    <ClInclude Include="ActionFSM.h">
      <Filter>03. Script\Moon\[ Player FSM ]\[ Action FSM ]</Filter>
    </ClInclude>
    <ClInclude Include="ActionStateBase.h">
      <Filter>03. Script\Moon\[ Player FSM ]\[ Action FSM ]</Filter>
    </ClInclude>
    <ClInclude Include="FSMBase.h">
      <Filter>03. Script\Moon\[ Player FSM ]</Filter>
    </ClInclude>
    <ClInclude Include="PlayerFSM.h">
      <Filter>03. Script\Moon\[ Player FSM ]</Filter>
    </ClInclude>
    <ClInclude Include="Walk_State.h">
      <Filter>03. Script\Moon\[ Player FSM ]\[ Movement FSM ]</Filter>
    </ClInclude>
    <ClInclude Include="TitleUI.h">
      <Filter>02. GameObject\Yunmo\MenuScene</Filter>
    </ClInclude>
    <ClInclude Include="PlayUI.h">
      <Filter>02. GameObject\Yunmo\PlayScene</Filter>
    </ClInclude>
    <ClInclude Include="NPC.h">
      <Filter>02. GameObject\Yunmo\PlayScene</Filter>
    </ClInclude>
    <ClInclude Include="Player_Test.h">
      <Filter>02. GameObject\Yunmo\PlayScene</Filter>
    </ClInclude>
    <ClInclude Include="Player_Woo.h">
      <Filter>02. GameObject\Woo\Engine</Filter>
    </ClInclude>
    <ClInclude Include="PlayerController_Woo.h">
      <Filter>03. Script\Woo\Engine</Filter>
    </ClInclude>
    <ClInclude Include="Honmun.h">
      <Filter>02. GameObject\Aron</Filter>
    </ClInclude>
    <ClInclude Include="HonmunCollisionScript.h">
      <Filter>03. Script\Aron</Filter>
    </ClInclude>
    <ClInclude Include="Boss.h">
      <Filter>02. GameObject\Woo\Boss</Filter>
    </ClInclude>
    <ClInclude Include="Bullet.h">
      <Filter>02. GameObject\Woo\Boss</Filter>
    </ClInclude>
    <ClInclude Include="BulletController.h">
      <Filter>03. Script\Woo\Boss</Filter>
    </ClInclude>
    <ClInclude Include="BossController.h">
      <Filter>03. Script\Woo\Boss</Filter>
    </ClInclude>
    <ClInclude Include="SkillWindowButton.h">
      <Filter>02. GameObject\Yunmo\PlayScene</Filter>
    </ClInclude>
    <ClInclude Include="Player.h">
      <Filter>02. GameObject\Moon\[ Player ]</Filter>
    </ClInclude>
    <ClInclude Include="Hanging_State.h">
      <Filter>03. Script\Moon\[ Player FSM ]\[ Movement FSM ]</Filter>
    </ClInclude>
    <ClInclude Include="Fall_State.h">
      <Filter>03. Script\Moon\[ Player FSM ]\[ Movement FSM ]</Filter>
    </ClInclude>
    <ClInclude Include="Attack_State.h">
      <Filter>03. Script\Moon\[ Player FSM ]\[ Movement FSM ]</Filter>
    </ClInclude>
    <ClInclude Include="BulletTime_State.h">
      <Filter>03. Script\Moon\[ Player FSM ]\[ Movement FSM ]</Filter>
    </ClInclude>
    <ClInclude Include="MovementFSM.h">
      <Filter>03. Script\Moon\[ Player FSM ]\[ Movement FSM ]</Filter>
    </ClInclude>
    <ClInclude Include="MovementStateBase.h">
      <Filter>03. Script\Moon\[ Player FSM ]\[ Movement FSM ]</Filter>
    </ClInclude>
    <ClInclude Include="PlayerStateBase.h">
      <Filter>03. Script\Moon\[ Player FSM ]\[ Movement FSM ]</Filter>
    </ClInclude>
    <ClInclude Include="StateBase.h">
      <Filter>03. Script\Moon\[ Player FSM ]</Filter>
    </ClInclude>
    <ClInclude Include="Dash_State.h">
      <Filter>03. Script\Moon\[ Player FSM ]\[ Movement FSM ]</Filter>
    </ClInclude>
    <ClInclude Include="PlayerAnimatorController.h">
      <Filter>04. Animation\Moon</Filter>
    </ClInclude>
    <ClInclude Include="playerAttackArea.h">
      <Filter>02. GameObject\Moon\[ Player ]</Filter>
    </ClInclude>
    <ClInclude Include="Options.h">
      <Filter>02. GameObject\Yunmo\PlayScene</Filter>
    </ClInclude>
    <ClInclude Include="Chat.h">
      <Filter>03. Script\Yunmo\PlayScene</Filter>
    </ClInclude>
    <ClInclude Include="Quest.h">
      <Filter>03. Script\Yunmo\PlayScene</Filter>
    </ClInclude>
    <ClInclude Include="PlayerMove.h">
      <Filter>03. Script\Yunmo\PlayScene</Filter>
    </ClInclude>
    <ClInclude Include="NPCInteraction.h">
      <Filter>03. Script\Yunmo\PlayScene</Filter>
    </ClInclude>
    <ClInclude Include="GameManager.h">
      <Filter>02. GameObject\Yunmo\PlayScene</Filter>
    </ClInclude>
    <ClInclude Include="WaveSystem.h">
      <Filter>03. Script\Aron</Filter>
    </ClInclude>
    <ClInclude Include="HonA.h">
      <Filter>02. GameObject\Woo\Hon</Filter>
    </ClInclude>
    <ClInclude Include="HonB.h">
      <Filter>02. GameObject\Woo\Hon</Filter>
    </ClInclude>
    <ClInclude Include="HonC.h">
      <Filter>02. GameObject\Woo\Hon</Filter>
    </ClInclude>
    <ClInclude Include="HonD.h">
      <Filter>02. GameObject\Woo\Hon</Filter>
    </ClInclude>
    <ClInclude Include="HonAAnimatorController.h">
      <Filter>04. Animation\Woo\Hon</Filter>
    </ClInclude>
    <ClInclude Include="HonBAnimatorController.h">
      <Filter>04. Animation\Woo\Hon</Filter>
    </ClInclude>
    <ClInclude Include="HonCAnimatorController.h">
      <Filter>04. Animation\Woo\Hon</Filter>
    </ClInclude>
    <ClInclude Include="HonDAnimatorController.h">
      <Filter>04. Animation\Woo\Hon</Filter>
    </ClInclude>
    <ClInclude Include="HonAController.h">
      <Filter>03. Script\Woo\Hon</Filter>
    </ClInclude>
    <ClInclude Include="HonBController.h">
      <Filter>03. Script\Woo\Hon</Filter>
    </ClInclude>
    <ClInclude Include="HonCController.h">
      <Filter>03. Script\Woo\Hon</Filter>
    </ClInclude>
    <ClInclude Include="HonDController.h">
      <Filter>03. Script\Woo\Hon</Filter>
    </ClInclude>
    <ClInclude Include="Map_Woo.h">
      <Filter>02. GameObject\Woo\Engine</Filter>
    </ClInclude>
    <ClInclude Include="PlayerAnimationData.h">
      <Filter>04. Animation\Moon</Filter>
    </ClInclude>
    <ClInclude Include="PlayerAreaController.h">
      <Filter>04. Animation\Moon</Filter>
    </ClInclude>
    <ClInclude Include="AfterImage.h">
      <Filter>02. GameObject\Moon</Filter>
    </ClInclude>
    <ClInclude Include="HonmunAAnimatorController.h">
      <Filter>03. Script\Aron\Old</Filter>
    </ClInclude>
    <ClInclude Include="HonmunAFSM.h">
      <Filter>03. Script\Aron\Old</Filter>
    </ClInclude>
    <ClInclude Include="HonmunBAnimatorController.h">
      <Filter>03. Script\Aron\Old</Filter>
    </ClInclude>
    <ClInclude Include="HonmunBFSM.h">
      <Filter>03. Script\Aron\Old</Filter>
    </ClInclude>
    <ClInclude Include="HonmunCAnimatorController.h">
      <Filter>03. Script\Aron\Old</Filter>
    </ClInclude>
    <ClInclude Include="HonmunCFSM.h">
      <Filter>03. Script\Aron\Old</Filter>
    </ClInclude>
    <ClInclude Include="HonController.h">
      <Filter>03. Script\Woo\Hon\Base</Filter>
    </ClInclude>
    <ClInclude Include="AmbientSoundManager.h">
      <Filter>헤더 파일</Filter>
    </ClInclude>
    <ClInclude Include="BossHP.h">
      <Filter>헤더 파일</Filter>
    </ClInclude>
    <ClInclude Include="BoxObject.h">
      <Filter>헤더 파일</Filter>
    </ClInclude>
    <ClInclude Include="Cemetery.h">
      <Filter>헤더 파일</Filter>
    </ClInclude>
    <ClInclude Include="PauseWindow.h">
      <Filter>헤더 파일</Filter>
    </ClInclude>
    <ClInclude Include="Platform.h">
      <Filter>헤더 파일</Filter>
    </ClInclude>
    <ClInclude Include="Shadow.h">
      <Filter>헤더 파일</Filter>
    </ClInclude>
    <ClInclude Include="ToolTip.h">
      <Filter>헤더 파일</Filter>
    </ClInclude>
    <ClInclude Include="AttackAnimatorController.h">
      <Filter>헤더 파일</Filter>
    </ClInclude>
    <ClInclude Include="Credit.h">
      <Filter>헤더 파일</Filter>
    </ClInclude>
    <ClInclude Include="JumpAnimatorController.h">
      <Filter>헤더 파일</Filter>
    </ClInclude>
    <ClInclude Include="LandingAnimatorController.h">
      <Filter>헤더 파일</Filter>
    </ClInclude>
    <ClInclude Include="LineClip.h">
      <Filter>헤더 파일</Filter>
    </ClInclude>
    <ClInclude Include="PlayerJumpEffect.h">
      <Filter>헤더 파일</Filter>
    </ClInclude>
    <ClInclude Include="PlayerLandingEffect.h">
      <Filter>헤더 파일</Filter>
    </ClInclude>
    <ClInclude Include="PlayerSkillEffcet.h">
      <Filter>헤더 파일</Filter>
    </ClInclude>
    <ClInclude Include="SkillAnimatorController.h">
      <Filter>헤더 파일</Filter>
    </ClInclude>
    <ClInclude Include="BossFace.h">
      <Filter>02. GameObject\Woo\Boss</Filter>
    </ClInclude>
    <ClInclude Include="BossHitEffect.h">
      <Filter>02. GameObject\Woo\Effect</Filter>
    </ClInclude>
    <ClInclude Include="FadeObject.h">
      <Filter>02. GameObject\Woo\Fade</Filter>
    </ClInclude>
    <ClInclude Include="InGameCamera.h">
      <Filter>02. GameObject\Woo\Camera</Filter>
    </ClInclude>
    <ClInclude Include="MapBackGround.h">
      <Filter>02. GameObject\Woo\Map</Filter>
    </ClInclude>
    <ClInclude Include="MoonLight.h">
      <Filter>02. GameObject\Woo\Map</Filter>
    </ClInclude>
    <ClInclude Include="MoonShadow.h">
      <Filter>02. GameObject\Woo\Map</Filter>
    </ClInclude>
    <ClInclude Include="BossAnimatorController.h">
      <Filter>04. Animation\Woo\Boss</Filter>
    </ClInclude>
    <ClInclude Include="BCAnimatorController.h">
      <Filter>04. Animation\Woo\Effect</Filter>
    </ClInclude>
    <ClInclude Include="HCAnimatorController.h">
      <Filter>04. Animation\Woo\Effect</Filter>
    </ClInclude>
    <ClInclude Include="NpcAnimatorController.h">
      <Filter>04. Animation\Woo\NPC</Filter>
    </ClInclude>
    <ClInclude Include="HonCollisionEffect.h">
      <Filter>02. GameObject\Woo\Effect</Filter>
    </ClInclude>
    <ClInclude Include="MoonLightController.h">
      <Filter>03. Script\Woo\Map</Filter>
    </ClInclude>
    <ClInclude Include="MoonShadowController.h">
      <Filter>03. Script\Woo\Map</Filter>
    </ClInclude>
    <ClInclude Include="ParallaxLayer.h">
      <Filter>03. Script\Woo\Map</Filter>
    </ClInclude>
    <ClInclude Include="FadeManager.h">
      <Filter>03. Script\Woo\Fade</Filter>
    </ClInclude>
    <ClInclude Include="CameraController.h">
      <Filter>03. Script\Woo\Camera</Filter>
    </ClInclude>
    <ClInclude Include="Typer.h">
      <Filter>03. Script\Woo\Typer</Filter>
    </ClInclude>
    <ClInclude Include="PerformanceChecker.h">
      <Filter>헤더 파일</Filter>
    </ClInclude>
    <ClInclude Include="SoundManager.h">
      <Filter>헤더 파일</Filter>
    </ClInclude>
  </ItemGroup>
  <ItemGroup>
    <None Include="fmod.dll">
      <Filter>헤더 파일</Filter>
    </None>
    <None Include="fmodL.dll">
      <Filter>헤더 파일</Filter>
    </None>
  </ItemGroup>
</Project>