
Microsoft Visual Studio Solution File, Format Version 12.00
# Visual Studio Version 17
VisualStudioVersion = 17.14.36127.28
MinimumVisualStudioVersion = 10.0.40219.1
Project("{8BC9CEB8-8B4A-11D0-8D11-00A0C91BC942}") = "01_Clear", "01_Init\01_Init.vcxproj", "{2E6174B3-A488-400B-AD1C-7117206F772F}"
EndProject
Project("{8BC9CEB8-8B4A-11D0-8D11-00A0C91BC942}") = "02_BrushAndShape", "02_BrushAndShape\02_BrushAndShape.vcxproj", "{CBA07338-2791-4EEE-A3AA-989DBE9A8F3A}"
EndProject
Project("{8BC9CEB8-8B4A-11D0-8D11-00A0C91BC942}") = "04_DrawImage", "04_DrawImage\04_DrawImage.vcxproj", "{089840AB-5863-402E-BA1A-0E949D3803BE}"
EndProject
Project("{8BC9CEB8-8B4A-11D0-8D11-00A0C91BC942}") = "03_DrawText", "03_DrawText\03_DrawText.vcxproj", "{C955435B-8069-4086-BCCF-4F0D8EAED206}"
EndProject
Project("{8BC9CEB8-8B4A-11D0-8D11-00A0C91BC942}") = "05_Effect", "05_Effect\05_Effect.vcxproj", "{103177FF-86B3-4E04-A81E-6C28A4E5DA67}"
EndProject
Project("{8BC9CEB8-8B4A-11D0-8D11-00A0C91BC942}") = "06_ScreenEffect", "06_ScreenEffect\06_ScreenEffect.vcxproj", "{B10D720D-810D-4A6A-9F0C-8714019BEA3D}"
EndProject
Project("{8BC9CEB8-8B4A-11D0-8D11-00A0C91BC942}") = "07_SpriteBatch", "07_SpriteBatch\07_SpriteBatch.vcxproj", "{DA5D0100-97C3-402B-A318-771CBF69F28A}"
EndProject
Project("{8BC9CEB8-8B4A-11D0-8D11-00A0C91BC942}") = "08_Transform", "08_Transform\08_Transform.vcxproj", "{5EB589DF-98D3-44FD-9162-A8F414F524F3}"
EndProject
Global
	GlobalSection(SolutionConfigurationPlatforms) = preSolution
		Debug|x64 = Debug|x64
		Debug|x86 = Debug|x86
		Release|x64 = Release|x64
		Release|x86 = Release|x86
	EndGlobalSection
	GlobalSection(ProjectConfigurationPlatforms) = postSolution
		{2E6174B3-A488-400B-AD1C-7117206F772F}.Debug|x64.ActiveCfg = Debug|x64
		{2E6174B3-A488-400B-AD1C-7117206F772F}.Debug|x64.Build.0 = Debug|x64
		{2E6174B3-A488-400B-AD1C-7117206F772F}.Debug|x86.ActiveCfg = Debug|Win32
		{2E6174B3-A488-400B-AD1C-7117206F772F}.Debug|x86.Build.0 = Debug|Win32
		{2E6174B3-A488-400B-AD1C-7117206F772F}.Release|x64.ActiveCfg = Release|x64
		{2E6174B3-A488-400B-AD1C-7117206F772F}.Release|x64.Build.0 = Release|x64
		{2E6174B3-A488-400B-AD1C-7117206F772F}.Release|x86.ActiveCfg = Release|Win32
		{2E6174B3-A488-400B-AD1C-7117206F772F}.Release|x86.Build.0 = Release|Win32
		{CBA07338-2791-4EEE-A3AA-989DBE9A8F3A}.Debug|x64.ActiveCfg = Debug|x64
		{CBA07338-2791-4EEE-A3AA-989DBE9A8F3A}.Debug|x64.Build.0 = Debug|x64
		{CBA07338-2791-4EEE-A3AA-989DBE9A8F3A}.Debug|x86.ActiveCfg = Debug|Win32
		{CBA07338-2791-4EEE-A3AA-989DBE9A8F3A}.Debug|x86.Build.0 = Debug|Win32
		{CBA07338-2791-4EEE-A3AA-989DBE9A8F3A}.Release|x64.ActiveCfg = Release|x64
		{CBA07338-2791-4EEE-A3AA-989DBE9A8F3A}.Release|x64.Build.0 = Release|x64
		{CBA07338-2791-4EEE-A3AA-989DBE9A8F3A}.Release|x86.ActiveCfg = Release|Win32
		{CBA07338-2791-4EEE-A3AA-989DBE9A8F3A}.Release|x86.Build.0 = Release|Win32
		{089840AB-5863-402E-BA1A-0E949D3803BE}.Debug|x64.ActiveCfg = Debug|x64
		{089840AB-5863-402E-BA1A-0E949D3803BE}.Debug|x64.Build.0 = Debug|x64
		{089840AB-5863-402E-BA1A-0E949D3803BE}.Debug|x86.ActiveCfg = Debug|Win32
		{089840AB-5863-402E-BA1A-0E949D3803BE}.Debug|x86.Build.0 = Debug|Win32
		{089840AB-5863-402E-BA1A-0E949D3803BE}.Release|x64.ActiveCfg = Release|x64
		{089840AB-5863-402E-BA1A-0E949D3803BE}.Release|x64.Build.0 = Release|x64
		{089840AB-5863-402E-BA1A-0E949D3803BE}.Release|x86.ActiveCfg = Release|Win32
		{089840AB-5863-402E-BA1A-0E949D3803BE}.Release|x86.Build.0 = Release|Win32
		{C955435B-8069-4086-BCCF-4F0D8EAED206}.Debug|x64.ActiveCfg = Debug|x64
		{C955435B-8069-4086-BCCF-4F0D8EAED206}.Debug|x64.Build.0 = Debug|x64
		{C955435B-8069-4086-BCCF-4F0D8EAED206}.Debug|x86.ActiveCfg = Debug|Win32
		{C955435B-8069-4086-BCCF-4F0D8EAED206}.Debug|x86.Build.0 = Debug|Win32
		{C955435B-8069-4086-BCCF-4F0D8EAED206}.Release|x64.ActiveCfg = Release|x64
		{C955435B-8069-4086-BCCF-4F0D8EAED206}.Release|x64.Build.0 = Release|x64
		{C955435B-8069-4086-BCCF-4F0D8EAED206}.Release|x86.ActiveCfg = Release|Win32
		{C955435B-8069-4086-BCCF-4F0D8EAED206}.Release|x86.Build.0 = Release|Win32
		{103177FF-86B3-4E04-A81E-6C28A4E5DA67}.Debug|x64.ActiveCfg = Debug|x64
		{103177FF-86B3-4E04-A81E-6C28A4E5DA67}.Debug|x64.Build.0 = Debug|x64
		{103177FF-86B3-4E04-A81E-6C28A4E5DA67}.Debug|x86.ActiveCfg = Debug|Win32
		{103177FF-86B3-4E04-A81E-6C28A4E5DA67}.Debug|x86.Build.0 = Debug|Win32
		{103177FF-86B3-4E04-A81E-6C28A4E5DA67}.Release|x64.ActiveCfg = Release|x64
		{103177FF-86B3-4E04-A81E-6C28A4E5DA67}.Release|x64.Build.0 = Release|x64
		{103177FF-86B3-4E04-A81E-6C28A4E5DA67}.Release|x86.ActiveCfg = Release|Win32
		{103177FF-86B3-4E04-A81E-6C28A4E5DA67}.Release|x86.Build.0 = Release|Win32
		{B10D720D-810D-4A6A-9F0C-8714019BEA3D}.Debug|x64.ActiveCfg = Debug|x64
		{B10D720D-810D-4A6A-9F0C-8714019BEA3D}.Debug|x64.Build.0 = Debug|x64
		{B10D720D-810D-4A6A-9F0C-8714019BEA3D}.Debug|x86.ActiveCfg = Debug|Win32
		{B10D720D-810D-4A6A-9F0C-8714019BEA3D}.Debug|x86.Build.0 = Debug|Win32
		{B10D720D-810D-4A6A-9F0C-8714019BEA3D}.Release|x64.ActiveCfg = Release|x64
		{B10D720D-810D-4A6A-9F0C-8714019BEA3D}.Release|x64.Build.0 = Release|x64
		{B10D720D-810D-4A6A-9F0C-8714019BEA3D}.Release|x86.ActiveCfg = Release|Win32
		{B10D720D-810D-4A6A-9F0C-8714019BEA3D}.Release|x86.Build.0 = Release|Win32
		{DA5D0100-97C3-402B-A318-771CBF69F28A}.Debug|x64.ActiveCfg = Debug|x64
		{DA5D0100-97C3-402B-A318-771CBF69F28A}.Debug|x64.Build.0 = Debug|x64
		{DA5D0100-97C3-402B-A318-771CBF69F28A}.Debug|x86.ActiveCfg = Debug|Win32
		{DA5D0100-97C3-402B-A318-771CBF69F28A}.Debug|x86.Build.0 = Debug|Win32
		{DA5D0100-97C3-402B-A318-771CBF69F28A}.Release|x64.ActiveCfg = Release|x64
		{DA5D0100-97C3-402B-A318-771CBF69F28A}.Release|x64.Build.0 = Release|x64
		{DA5D0100-97C3-402B-A318-771CBF69F28A}.Release|x86.ActiveCfg = Release|Win32
		{DA5D0100-97C3-402B-A318-771CBF69F28A}.Release|x86.Build.0 = Release|Win32
		{5EB589DF-98D3-44FD-9162-A8F414F524F3}.Debug|x64.ActiveCfg = Debug|x64
		{5EB589DF-98D3-44FD-9162-A8F414F524F3}.Debug|x64.Build.0 = Debug|x64
		{5EB589DF-98D3-44FD-9162-A8F414F524F3}.Debug|x86.ActiveCfg = Debug|Win32
		{5EB589DF-98D3-44FD-9162-A8F414F524F3}.Debug|x86.Build.0 = Debug|Win32
		{5EB589DF-98D3-44FD-9162-A8F414F524F3}.Release|x64.ActiveCfg = Release|x64
		{5EB589DF-98D3-44FD-9162-A8F414F524F3}.Release|x64.Build.0 = Release|x64
		{5EB589DF-98D3-44FD-9162-A8F414F524F3}.Release|x86.ActiveCfg = Release|Win32
		{5EB589DF-98D3-44FD-9162-A8F414F524F3}.Release|x86.Build.0 = Release|Win32
	EndGlobalSection
	GlobalSection(SolutionProperties) = preSolution
		HideSolutionNode = FALSE
	EndGlobalSection
	GlobalSection(ExtensibilityGlobals) = postSolution
		SolutionGuid = {51775D3E-BD67-4172-A667-0998BEED6A3C}
	EndGlobalSection
EndGlobal
