<?xml version="1.0" encoding="utf-8"?>
<Project ToolsVersion="4.0" xmlns="http://schemas.microsoft.com/developer/msbuild/2003">
  <ItemGroup>
    <Filter Include="소스 파일">
      <UniqueIdentifier>{4FC737F1-C7A5-4376-A066-2A32D752A2FF}</UniqueIdentifier>
      <Extensions>cpp;c;cc;cxx;c++;cppm;ixx;def;odl;idl;hpj;bat;asm;asmx</Extensions>
    </Filter>
    <Filter Include="헤더 파일">
      <UniqueIdentifier>{93995380-89BD-4b04-88EB-625FBE52EBFB}</UniqueIdentifier>
      <Extensions>h;hh;hpp;hxx;h++;hm;inl;inc;ipp;xsd</Extensions>
    </Filter>
    <Filter Include="리소스 파일">
      <UniqueIdentifier>{67DA6AB6-F800-4c08-8B7A-83BB121AAD01}</UniqueIdentifier>
      <Extensions>rc;ico;cur;bmp;dlg;rc2;rct;bin;rgs;gif;jpg;jpeg;jpe;resx;tiff;tif;png;wav;mfcribbon-ms</Extensions>
    </Filter>
    <Filter Include="01. Scene">
      <UniqueIdentifier>{ceb2a5ed-6a50-464e-8447-061417ff307e}</UniqueIdentifier>
    </Filter>
    <Filter Include="02. GameObject">
      <UniqueIdentifier>{11233e48-d24c-4880-a3a6-78f71203eb88}</UniqueIdentifier>
    </Filter>
    <Filter Include="03. Script">
      <UniqueIdentifier>{73284906-ec40-435e-8f79-37fdff5c07b3}</UniqueIdentifier>
    </Filter>
    <Filter Include="04. Animation">
      <UniqueIdentifier>{bdc3fc92-7d36-43d1-bc32-a7c527365d7b}</UniqueIdentifier>
    </Filter>
    <Filter Include="02. GameObject\Cat">
      <UniqueIdentifier>{5829c07e-ce6f-4a14-bb35-3b4f79f2cdda}</UniqueIdentifier>
    </Filter>
    <Filter Include="02. GameObject\Map">
      <UniqueIdentifier>{c20fd043-55bb-4b19-bdd6-f418710cd5c2}</UniqueIdentifier>
    </Filter>
    <Filter Include="02. GameObject\UI">
      <UniqueIdentifier>{cb1ed4f0-e970-4065-854a-df6ab9592f24}</UniqueIdentifier>
    </Filter>
    <Filter Include="02. GameObject\Collider Objects">
      <UniqueIdentifier>{06869c29-34a5-4015-8f07-417ac6990db2}</UniqueIdentifier>
    </Filter>
  </ItemGroup>
  <ItemGroup>
    <ClCompile Include="Main.cpp">
      <Filter>헤더 파일</Filter>
    </ClCompile>
    <ClCompile Include="StartScene.cpp">
      <Filter>01. Scene</Filter>
    </ClCompile>
    <ClCompile Include="PlayScene.cpp">
      <Filter>01. Scene</Filter>
    </ClCompile>
    <ClCompile Include="Cat.cpp">
      <Filter>02. GameObject\Cat</Filter>
    </ClCompile>
    <ClCompile Include="SkyBackground.cpp">
      <Filter>02. GameObject\Map</Filter>
    </ClCompile>
    <ClCompile Include="CatController.cpp">
      <Filter>03. Script</Filter>
    </ClCompile>
    <ClCompile Include="CatAnimatorController.cpp">
      <Filter>04. Animation</Filter>
    </ClCompile>
    <ClCompile Include="MapManager.cpp">
      <Filter>02. GameObject\Map</Filter>
    </ClCompile>
    <ClCompile Include="PlayUIManager.cpp">
      <Filter>02. GameObject\UI</Filter>
    </ClCompile>
    <ClCompile Include="StartUIManager.cpp">
      <Filter>02. GameObject\UI</Filter>
    </ClCompile>
    <ClCompile Include="Cloud.cpp">
      <Filter>02. GameObject\Map</Filter>
    </ClCompile>
    <ClCompile Include="CatText.cpp">
      <Filter>02. GameObject\Cat</Filter>
    </ClCompile>
    <ClCompile Include="CollisionTestScene.cpp">
      <Filter>01. Scene</Filter>
    </ClCompile>
    <ClCompile Include="DemoApp.cpp">
      <Filter>소스 파일</Filter>
    </ClCompile>
    <ClCompile Include="ColUIManager.cpp">
      <Filter>02. GameObject\UI</Filter>
    </ClCompile>
    <ClCompile Include="BoxObject.cpp">
      <Filter>02. GameObject\Collider Objects</Filter>
    </ClCompile>
    <ClCompile Include="CircleObject.cpp">
      <Filter>02. GameObject\Collider Objects</Filter>
    </ClCompile>
    <ClCompile Include="CollisionEventCheak.cpp">
      <Filter>03. Script</Filter>
    </ClCompile>
    <ClCompile Include="ColObText.cpp">
      <Filter>소스 파일</Filter>
    </ClCompile>
  </ItemGroup>
  <ItemGroup>
    <ClInclude Include="DemoApp.h">
      <Filter>헤더 파일</Filter>
    </ClInclude>
    <ClInclude Include="StartScene.h">
      <Filter>01. Scene</Filter>
    </ClInclude>
    <ClInclude Include="PlayScene.h">
      <Filter>01. Scene</Filter>
    </ClInclude>
    <ClInclude Include="Cat.h">
      <Filter>02. GameObject\Cat</Filter>
    </ClInclude>
    <ClInclude Include="SkyBackground.h">
      <Filter>02. GameObject\Map</Filter>
    </ClInclude>
    <ClInclude Include="CatController.h">
      <Filter>03. Script</Filter>
    </ClInclude>
    <ClInclude Include="CatAnimatorController.h">
      <Filter>04. Animation</Filter>
    </ClInclude>
    <ClInclude Include="MapManager.h">
      <Filter>02. GameObject\Map</Filter>
    </ClInclude>
    <ClInclude Include="PlayUIManager.h">
      <Filter>02. GameObject\UI</Filter>
    </ClInclude>
    <ClInclude Include="StartUIManager.h">
      <Filter>02. GameObject\UI</Filter>
    </ClInclude>
    <ClInclude Include="Cloud.h">
      <Filter>02. GameObject\Map</Filter>
    </ClInclude>
    <ClInclude Include="CatText.h">
      <Filter>02. GameObject\Cat</Filter>
    </ClInclude>
    <ClInclude Include="CollisionTestScene.h">
      <Filter>01. Scene</Filter>
    </ClInclude>
    <ClInclude Include="ColUIManager.h">
      <Filter>02. GameObject\UI</Filter>
    </ClInclude>
    <ClInclude Include="BoxObject.h">
      <Filter>02. GameObject\Collider Objects</Filter>
    </ClInclude>
    <ClInclude Include="CircleObject.h">
      <Filter>02. GameObject\Collider Objects</Filter>
    </ClInclude>
    <ClInclude Include="CollisionEventCheak.h">
      <Filter>03. Script</Filter>
    </ClInclude>
    <ClInclude Include="ColObText.h">
      <Filter>헤더 파일</Filter>
    </ClInclude>
  </ItemGroup>
</Project>