
Microsoft Visual Studio Solution File, Format Version 12.00
# Visual Studio Version 17
VisualStudioVersion = 17.13.35825.156
MinimumVisualStudioVersion = 10.0.40219.1
Project("{8BC9CEB8-8B4A-11D0-8D11-00A0C91BC942}") = "00. Friend_2D_EngineLib", "Direct2D_EngineLib\Direct2D_EngineLib.vcxproj", "{D8D78356-8DD0-4271-BBE6-B0208A9359FE}"
EndProject
Project("{8BC9CEB8-8B4A-11D0-8D11-00A0C91BC942}") = "02. Eclipse_GameProject", "Eclipse\Eclipse\Eclipse\Eclipse.vcxproj", "{0B41E6D9-0E02-42C1-80F7-F0B468C8D6CF}"
EndProject
Global
	GlobalSection(SolutionConfigurationPlatforms) = preSolution
		Debug|x64 = Debug|x64
		Debug|x86 = Debug|x86
		Release|x64 = Release|x64
		Release|x86 = Release|x86
	EndGlobalSection
	GlobalSection(ProjectConfigurationPlatforms) = postSolution
		{D8D78356-8DD0-4271-BBE6-B0208A9359FE}.Debug|x64.ActiveCfg = Debug|x64
		{D8D78356-8DD0-4271-BBE6-B0208A9359FE}.Debug|x64.Build.0 = Debug|x64
		{D8D78356-8DD0-4271-BBE6-B0208A9359FE}.Debug|x86.ActiveCfg = Debug|Win32
		{D8D78356-8DD0-4271-BBE6-B0208A9359FE}.Debug|x86.Build.0 = Debug|Win32
		{D8D78356-8DD0-4271-BBE6-B0208A9359FE}.Release|x64.ActiveCfg = Release|x64
		{D8D78356-8DD0-4271-BBE6-B0208A9359FE}.Release|x64.Build.0 = Release|x64
		{D8D78356-8DD0-4271-BBE6-B0208A9359FE}.Release|x86.ActiveCfg = Release|Win32
		{D8D78356-8DD0-4271-BBE6-B0208A9359FE}.Release|x86.Build.0 = Release|Win32
		{0B41E6D9-0E02-42C1-80F7-F0B468C8D6CF}.Debug|x64.ActiveCfg = Debug|x64
		{0B41E6D9-0E02-42C1-80F7-F0B468C8D6CF}.Debug|x64.Build.0 = Debug|x64
		{0B41E6D9-0E02-42C1-80F7-F0B468C8D6CF}.Debug|x86.ActiveCfg = Debug|Win32
		{0B41E6D9-0E02-42C1-80F7-F0B468C8D6CF}.Debug|x86.Build.0 = Debug|Win32
		{0B41E6D9-0E02-42C1-80F7-F0B468C8D6CF}.Release|x64.ActiveCfg = Release|x64
		{0B41E6D9-0E02-42C1-80F7-F0B468C8D6CF}.Release|x64.Build.0 = Release|x64
		{0B41E6D9-0E02-42C1-80F7-F0B468C8D6CF}.Release|x86.ActiveCfg = Release|Win32
		{0B41E6D9-0E02-42C1-80F7-F0B468C8D6CF}.Release|x86.Build.0 = Release|Win32
	EndGlobalSection
	GlobalSection(SolutionProperties) = preSolution
		HideSolutionNode = FALSE
	EndGlobalSection
	GlobalSection(ExtensibilityGlobals) = postSolution
		SolutionGuid = {278DEE0C-5A15-411F-B0F4-16788FE6BDE3}
	EndGlobalSection
EndGlobal
