<?xml version="1.0" encoding="utf-8"?>
<Project ToolsVersion="4.0" xmlns="http://schemas.microsoft.com/developer/msbuild/2003">
  <ItemGroup>
    <Filter Include="소스 파일">
      <UniqueIdentifier>{4FC737F1-C7A5-4376-A066-2A32D752A2FF}</UniqueIdentifier>
      <Extensions>cpp;c;cc;cxx;c++;cppm;ixx;def;odl;idl;hpj;bat;asm;asmx</Extensions>
    </Filter>
    <Filter Include="헤더 파일">
      <UniqueIdentifier>{93995380-89BD-4b04-88EB-625FBE52EBFB}</UniqueIdentifier>
      <Extensions>h;hh;hpp;hxx;h++;hm;inl;inc;ipp;xsd</Extensions>
    </Filter>
    <Filter Include="리소스 파일">
      <UniqueIdentifier>{67DA6AB6-F800-4c08-8B7A-83BB121AAD01}</UniqueIdentifier>
      <Extensions>rc;ico;cur;bmp;dlg;rc2;rct;bin;rgs;gif;jpg;jpeg;jpe;resx;tiff;tif;png;wav;mfcribbon-ms</Extensions>
    </Filter>
    <Filter Include="GameObject">
      <UniqueIdentifier>{ca948a88-e269-4a86-b747-e8acec452f34}</UniqueIdentifier>
    </Filter>
    <Filter Include="Scene">
      <UniqueIdentifier>{66da6b0a-f68f-4675-9299-44747936c742}</UniqueIdentifier>
    </Filter>
    <Filter Include="GameObject\PlayScene">
      <UniqueIdentifier>{538247af-a5f6-442f-aad9-c806ceeed9aa}</UniqueIdentifier>
    </Filter>
    <Filter Include="GameObject\MenuScene">
      <UniqueIdentifier>{1624fab7-8853-4b50-bf2f-b8b11dcb9d9c}</UniqueIdentifier>
    </Filter>
  </ItemGroup>
  <ItemGroup>
    <ClCompile Include="Main.cpp">
      <Filter>소스 파일</Filter>
    </ClCompile>
    <ClCompile Include="DemoApp.cpp">
      <Filter>소스 파일</Filter>
    </ClCompile>
    <ClCompile Include="MenuScene.cpp">
      <Filter>Scene</Filter>
    </ClCompile>
    <ClCompile Include="PlayScene.cpp">
      <Filter>Scene</Filter>
    </ClCompile>
    <ClCompile Include="Cat.cpp">
      <Filter>GameObject\MenuScene</Filter>
    </ClCompile>
    <ClCompile Include="Fish.cpp">
      <Filter>GameObject\MenuScene</Filter>
    </ClCompile>
    <ClCompile Include="Earth.cpp">
      <Filter>GameObject\PlayScene</Filter>
    </ClCompile>
    <ClCompile Include="Moon.cpp">
      <Filter>GameObject\PlayScene</Filter>
    </ClCompile>
    <ClCompile Include="Sun.cpp">
      <Filter>GameObject\PlayScene</Filter>
    </ClCompile>
    <ClCompile Include="MenuUIManager.cpp">
      <Filter>GameObject\MenuScene</Filter>
    </ClCompile>
  </ItemGroup>
  <ItemGroup>
    <ClInclude Include="DemoApp.h">
      <Filter>헤더 파일</Filter>
    </ClInclude>
    <ClInclude Include="MenuScene.h">
      <Filter>Scene</Filter>
    </ClInclude>
    <ClInclude Include="PlayScene.h">
      <Filter>Scene</Filter>
    </ClInclude>
    <ClInclude Include="Cat.h">
      <Filter>GameObject\MenuScene</Filter>
    </ClInclude>
    <ClInclude Include="Fish.h">
      <Filter>GameObject\MenuScene</Filter>
    </ClInclude>
    <ClInclude Include="Earth.h">
      <Filter>GameObject\PlayScene</Filter>
    </ClInclude>
    <ClInclude Include="Moon.h">
      <Filter>GameObject\PlayScene</Filter>
    </ClInclude>
    <ClInclude Include="Sun.h">
      <Filter>GameObject\PlayScene</Filter>
    </ClInclude>
    <ClInclude Include="MenuUIManager.h">
      <Filter>GameObject\MenuScene</Filter>
    </ClInclude>
  </ItemGroup>
</Project>